
Microsoft Visual Studio Solution File, Format Version 12.00
# Visual Studio Version 16
VisualStudioVersion = 16.0.31515.178
MinimumVisualStudioVersion = 10.0.40219.1
Project("{FAE04EC0-301F-11D3-BF4B-00C04F79EFBC}") = "PaymentAPI", "PaymentAPI\PaymentAPI.csproj", "{40693D34-8707-42AE-B002-EF89A1FFAECF}"
EndProject
Global
	GlobalSection(SolutionConfigurationPlatforms) = preSolution
		Debug|Any CPU = Debug|Any CPU
		Release|Any CPU = Release|Any CPU
	EndGlobalSection
	GlobalSection(ProjectConfigurationPlatforms) = postSolution
		{40693D34-8707-42AE-B002-EF89A1FFAECF}.Debug|Any CPU.ActiveCfg = Debug|Any CPU
		{40693D34-8707-42AE-B002-EF89A1FFAECF}.Debug|Any CPU.Build.0 = Debug|Any CPU
		{40693D34-8707-42AE-B002-EF89A1FFAECF}.Release|Any CPU.ActiveCfg = Release|Any CPU
		{40693D34-8707-42AE-B002-EF89A1FFAECF}.Release|Any CPU.Build.0 = Release|Any CPU
	EndGlobalSection
	GlobalSection(SolutionProperties) = preSolution
		HideSolutionNode = FALSE
	EndGlobalSection
	GlobalSection(ExtensibilityGlobals) = postSolution
		SolutionGuid = {F7134320-CAFE-4F5E-A392-7B14131A3584}
	EndGlobalSection
EndGlobal
